
Microsoft Visual Studio Solution File, Format Version 12.00
# Visual Studio Version 17
VisualStudioVersion = 17.9.34728.123
MinimumVisualStudioVersion = 10.0.40219.1
Project("{FAE04EC0-301F-11D3-BF4B-00C04F79EFBC}") = "TPFinal_Programacion", "TPFinal_Programacion\TPFinal_Programacion.csproj", "{3824E248-BFD3-44E4-926E-8157C94D2C30}"
EndProject
Global
	GlobalSection(SolutionConfigurationPlatforms) = preSolution
		Debug|Any CPU = Debug|Any CPU
		Release|Any CPU = Release|Any CPU
	EndGlobalSection
	GlobalSection(ProjectConfigurationPlatforms) = postSolution
		{3824E248-BFD3-44E4-926E-8157C94D2C30}.Debug|Any CPU.ActiveCfg = Debug|Any CPU
		{3824E248-BFD3-44E4-926E-8157C94D2C30}.Debug|Any CPU.Build.0 = Debug|Any CPU
		{3824E248-BFD3-44E4-926E-8157C94D2C30}.Release|Any CPU.ActiveCfg = Release|Any CPU
		{3824E248-BFD3-44E4-926E-8157C94D2C30}.Release|Any CPU.Build.0 = Release|Any CPU
	EndGlobalSection
	GlobalSection(SolutionProperties) = preSolution
		HideSolutionNode = FALSE
	EndGlobalSection
	GlobalSection(ExtensibilityGlobals) = postSolution
		SolutionGuid = {8A847F3C-1114-4BA8-A623-D7CF4B04DAA9}
	EndGlobalSection
EndGlobal
